
Microsoft Visual Studio Solution File, Format Version 12.00
# Visual Studio 2013
VisualStudioVersion = 12.0.31101.0
MinimumVisualStudioVersion = 10.0.40219.1
Project("{FAE04EC0-301F-11D3-BF4B-00C04F79EFBC}") = "NotificationForm", "NotificationForm\NotificationForm.csproj", "{B0D7721F-2563-40A6-B390-5DF06B1B6EAA}"
EndProject
Project("{FAE04EC0-301F-11D3-BF4B-00C04F79EFBC}") = "TesteConsole", "TesteConsole\TesteConsole.csproj", "{A55F5381-7FDD-47D9-96F7-9BA2B2663BB3}"
EndProject
Project("{FAE04EC0-301F-11D3-BF4B-00C04F79EFBC}") = "CotacaoNotification", "CotacaoNotification\CotacaoNotification.csproj", "{C8DF1F69-639F-4A5F-ADFD-F216CC9CEED6}"
EndProject
Global
	GlobalSection(SolutionConfigurationPlatforms) = preSolution
		Debug|Any CPU = Debug|Any CPU
		Release|Any CPU = Release|Any CPU
	EndGlobalSection
	GlobalSection(ProjectConfigurationPlatforms) = postSolution
		{B0D7721F-2563-40A6-B390-5DF06B1B6EAA}.Debug|Any CPU.ActiveCfg = Debug|Any CPU
		{B0D7721F-2563-40A6-B390-5DF06B1B6EAA}.Debug|Any CPU.Build.0 = Debug|Any CPU
		{B0D7721F-2563-40A6-B390-5DF06B1B6EAA}.Release|Any CPU.ActiveCfg = Release|Any CPU
		{B0D7721F-2563-40A6-B390-5DF06B1B6EAA}.Release|Any CPU.Build.0 = Release|Any CPU
		{A55F5381-7FDD-47D9-96F7-9BA2B2663BB3}.Debug|Any CPU.ActiveCfg = Debug|Any CPU
		{A55F5381-7FDD-47D9-96F7-9BA2B2663BB3}.Debug|Any CPU.Build.0 = Debug|Any CPU
		{A55F5381-7FDD-47D9-96F7-9BA2B2663BB3}.Release|Any CPU.ActiveCfg = Release|Any CPU
		{A55F5381-7FDD-47D9-96F7-9BA2B2663BB3}.Release|Any CPU.Build.0 = Release|Any CPU
		{C8DF1F69-639F-4A5F-ADFD-F216CC9CEED6}.Debug|Any CPU.ActiveCfg = Debug|Any CPU
		{C8DF1F69-639F-4A5F-ADFD-F216CC9CEED6}.Debug|Any CPU.Build.0 = Debug|Any CPU
		{C8DF1F69-639F-4A5F-ADFD-F216CC9CEED6}.Release|Any CPU.ActiveCfg = Release|Any CPU
		{C8DF1F69-639F-4A5F-ADFD-F216CC9CEED6}.Release|Any CPU.Build.0 = Release|Any CPU
	EndGlobalSection
	GlobalSection(SolutionProperties) = preSolution
		HideSolutionNode = FALSE
	EndGlobalSection
EndGlobal
